// !$*UTF8*$!
{
	archiveVersion = 1;
	classes = {
	};
	objectVersion = 50;
	objects = {

/* Begin PBXBuildFile section */
		0BBEC4C62223323100E86148 /* AppDelegate.swift in Sources */ = {isa = PBXBuildFile; fileRef = 0BBEC4C52223323100E86148 /* AppDelegate.swift */; };
		0BBEC4C82223323100E86148 /* ViewController.swift in Sources */ = {isa = PBXBuildFile; fileRef = 0BBEC4C72223323100E86148 /* ViewController.swift */; };
		0BBEC4CB2223323100E86148 /* Main.storyboard in Resources */ = {isa = PBXBuildFile; fileRef = 0BBEC4C92223323100E86148 /* Main.storyboard */; };
		0BBEC4CD2223323300E86148 /* Assets.xcassets in Resources */ = {isa = PBXBuildFile; fileRef = 0BBEC4CC2223323300E86148 /* Assets.xcassets */; };
		0BBEC4D02223323300E86148 /* LaunchScreen.storyboard in Resources */ = {isa = PBXBuildFile; fileRef = 0BBEC4CE2223323300E86148 /* LaunchScreen.storyboard */; };
		0BBEC4DB2223323300E86148 /* Set_Game_iOSTests.swift in Sources */ = {isa = PBXBuildFile; fileRef = 0BBEC4DA2223323300E86148 /* Set_Game_iOSTests.swift */; };
		0BBEC4E62223323300E86148 /* Set_Game_iOSUITests.swift in Sources */ = {isa = PBXBuildFile; fileRef = 0BBEC4E52223323300E86148 /* Set_Game_iOSUITests.swift */; };
/* End PBXBuildFile section */

/* Begin PBXContainerItemProxy section */
		0BBEC4D72223323300E86148 /* PBXContainerItemProxy */ = {
			isa = PBXContainerItemProxy;
			containerPortal = 0BBEC4BA2223323100E86148 /* Project object */;
			proxyType = 1;
			remoteGlobalIDString = 0BBEC4C12223323100E86148;
			remoteInfo = "Set Game iOS";
		};
		0BBEC4E22223323300E86148 /* PBXContainerItemProxy */ = {
			isa = PBXContainerItemProxy;
			containerPortal = 0BBEC4BA2223323100E86148 /* Project object */;
			proxyType = 1;
			remoteGlobalIDString = 0BBEC4C12223323100E86148;
			remoteInfo = "Set Game iOS";
		};
/* End PBXContainerItemProxy section */

/* Begin PBXFileReference section */
		0BBEC4C22223323100E86148 /* Set Game iOS.app */ = {isa = PBXFileReference; explicitFileType = wrapper.application; includeInIndex = 0; path = "Set Game iOS.app"; sourceTree = BUILT_PRODUCTS_DIR; };
		0BBEC4C52223323100E86148 /* AppDelegate.swift */ = {isa = PBXFileReference; lastKnownFileType = sourcecode.swift; path = AppDelegate.swift; sourceTree = "<group>"; };
		0BBEC4C72223323100E86148 /* ViewController.swift */ = {isa = PBXFileReference; lastKnownFileType = sourcecode.swift; path = ViewController.swift; sourceTree = "<group>"; };
		0BBEC4CA2223323100E86148 /* Base */ = {isa = PBXFileReference; lastKnownFileType = file.storyboard; name = Base; path = Base.lproj/Main.storyboard; sourceTree = "<group>"; };
		0BBEC4CC2223323300E86148 /* Assets.xcassets */ = {isa = PBXFileReference; lastKnownFileType = folder.assetcatalog; path = Assets.xcassets; sourceTree = "<group>"; };
		0BBEC4CF2223323300E86148 /* Base */ = {isa = PBXFileReference; lastKnownFileType = file.storyboard; name = Base; path = Base.lproj/LaunchScreen.storyboard; sourceTree = "<group>"; };
		0BBEC4D12223323300E86148 /* Info.plist */ = {isa = PBXFileReference; lastKnownFileType = text.plist.xml; path = Info.plist; sourceTree = "<group>"; };
		0BBEC4D62223323300E86148 /* Set Game iOSTests.xctest */ = {isa = PBXFileReference; explicitFileType = wrapper.cfbundle; includeInIndex = 0; path = "Set Game iOSTests.xctest"; sourceTree = BUILT_PRODUCTS_DIR; };
		0BBEC4DA2223323300E86148 /* Set_Game_iOSTests.swift */ = {isa = PBXFileReference; lastKnownFileType = sourcecode.swift; path = Set_Game_iOSTests.swift; sourceTree = "<group>"; };
		0BBEC4DC2223323300E86148 /* Info.plist */ = {isa = PBXFileReference; lastKnownFileType = text.plist.xml; path = Info.plist; sourceTree = "<group>"; };
		0BBEC4E12223323300E86148 /* Set Game iOSUITests.xctest */ = {isa = PBXFileReference; explicitFileType = wrapper.cfbundle; includeInIndex = 0; path = "Set Game iOSUITests.xctest"; sourceTree = BUILT_PRODUCTS_DIR; };
		0BBEC4E52223323300E86148 /* Set_Game_iOSUITests.swift */ = {isa = PBXFileReference; lastKnownFileType = sourcecode.swift; path = Set_Game_iOSUITests.swift; sourceTree = "<group>"; };
		0BBEC4E72223323300E86148 /* Info.plist */ = {isa = PBXFileReference; lastKnownFileType = text.plist.xml; path = Info.plist; sourceTree = "<group>"; };
/* End PBXFileReference section */

/* Begin PBXFrameworksBuildPhase section */
		0BBEC4BF2223323100E86148 /* Frameworks */ = {
			isa = PBXFrameworksBuildPhase;
			buildActionMask = 2147483647;
			files = (
			);
			runOnlyForDeploymentPostprocessing = 0;
		};
		0BBEC4D32223323300E86148 /* Frameworks */ = {
			isa = PBXFrameworksBuildPhase;
			buildActionMask = 2147483647;
			files = (
			);
			runOnlyForDeploymentPostprocessing = 0;
		};
		0BBEC4DE2223323300E86148 /* Frameworks */ = {
			isa = PBXFrameworksBuildPhase;
			buildActionMask = 2147483647;
			files = (
			);
			runOnlyForDeploymentPostprocessing = 0;
		};
/* End PBXFrameworksBuildPhase section */

/* Begin PBXGroup section */
		0BBEC4B92223323100E86148 = {
			isa = PBXGroup;
			children = (
				0BBEC4C42223323100E86148 /* Set Game iOS */,
				0BBEC4D92223323300E86148 /* Set Game iOSTests */,
				0BBEC4E42223323300E86148 /* Set Game iOSUITests */,
				0BBEC4C32223323100E86148 /* Products */,
			);
			sourceTree = "<group>";
		};
		0BBEC4C32223323100E86148 /* Products */ = {
			isa = PBXGroup;
			children = (
				0BBEC4C22223323100E86148 /* Set Game iOS.app */,
				0BBEC4D62223323300E86148 /* Set Game iOSTests.xctest */,
				0BBEC4E12223323300E86148 /* Set Game iOSUITests.xctest */,
			);
			name = Products;
			sourceTree = "<group>";
		};
		0BBEC4C42223323100E86148 /* Set Game iOS */ = {
			isa = PBXGroup;
			children = (
				0BBEC4C52223323100E86148 /* AppDelegate.swift */,
				0BBEC4C72223323100E86148 /* ViewController.swift */,
				0BBEC4C92223323100E86148 /* Main.storyboard */,
				0BBEC4CC2223323300E86148 /* Assets.xcassets */,
				0BBEC4CE2223323300E86148 /* LaunchScreen.storyboard */,
				0BBEC4D12223323300E86148 /* Info.plist */,
			);
			path = "Set Game iOS";
			sourceTree = "<group>";
		};
		0BBEC4D92223323300E86148 /* Set Game iOSTests */ = {
			isa = PBXGroup;
			children = (
				0BBEC4DA2223323300E86148 /* Set_Game_iOSTests.swift */,
				0BBEC4DC2223323300E86148 /* Info.plist */,
			);
			path = "Set Game iOSTests";
			sourceTree = "<group>";
		};
		0BBEC4E42223323300E86148 /* Set Game iOSUITests */ = {
			isa = PBXGroup;
			children = (
				0BBEC4E52223323300E86148 /* Set_Game_iOSUITests.swift */,
				0BBEC4E72223323300E86148 /* Info.plist */,
			);
			path = "Set Game iOSUITests";
			sourceTree = "<group>";
		};
/* End PBXGroup section */

/* Begin PBXNativeTarget section */
		0BBEC4C12223323100E86148 /* Set Game iOS */ = {
			isa = PBXNativeTarget;
			buildConfigurationList = 0BBEC4EA2223323300E86148 /* Build configuration list for PBXNativeTarget "Set Game iOS" */;
			buildPhases = (
				0BBEC4BE2223323100E86148 /* Sources */,
				0BBEC4BF2223323100E86148 /* Frameworks */,
				0BBEC4C02223323100E86148 /* Resources */,
			);
			buildRules = (
			);
			dependencies = (
			);
			name = "Set Game iOS";
			productName = "Set Game iOS";
			productReference = 0BBEC4C22223323100E86148 /* Set Game iOS.app */;
			productType = "com.apple.product-type.application";
		};
		0BBEC4D52223323300E86148 /* Set Game iOSTests */ = {
			isa = PBXNativeTarget;
			buildConfigurationList = 0BBEC4ED2223323300E86148 /* Build configuration list for PBXNativeTarget "Set Game iOSTests" */;
			buildPhases = (
				0BBEC4D22223323300E86148 /* Sources */,
				0BBEC4D32223323300E86148 /* Frameworks */,
				0BBEC4D42223323300E86148 /* Resources */,
			);
			buildRules = (
			);
			dependencies = (
				0BBEC4D82223323300E86148 /* PBXTargetDependency */,
			);
			name = "Set Game iOSTests";
			productName = "Set Game iOSTests";
			productReference = 0BBEC4D62223323300E86148 /* Set Game iOSTests.xctest */;
			productType = "com.apple.product-type.bundle.unit-test";
		};
		0BBEC4E02223323300E86148 /* Set Game iOSUITests */ = {
			isa = PBXNativeTarget;
			buildConfigurationList = 0BBEC4F02223323300E86148 /* Build configuration list for PBXNativeTarget "Set Game iOSUITests" */;
			buildPhases = (
				0BBEC4DD2223323300E86148 /* Sources */,
				0BBEC4DE2223323300E86148 /* Frameworks */,
				0BBEC4DF2223323300E86148 /* Resources */,
			);
			buildRules = (
			);
			dependencies = (
				0BBEC4E32223323300E86148 /* PBXTargetDependency */,
			);
			name = "Set Game iOSUITests";
			productName = "Set Game iOSUITests";
			productReference = 0BBEC4E12223323300E86148 /* Set Game iOSUITests.xctest */;
			productType = "com.apple.product-type.bundle.ui-testing";
		};
/* End PBXNativeTarget section */

/* Begin PBXProject section */
		0BBEC4BA2223323100E86148 /* Project object */ = {
			isa = PBXProject;
			attributes = {
				LastSwiftUpdateCheck = 1010;
				LastUpgradeCheck = 1010;
				ORGANIZATIONNAME = "Mian Hashim Shah";
				TargetAttributes = {
					0BBEC4C12223323100E86148 = {
						CreatedOnToolsVersion = 10.1;
					};
					0BBEC4D52223323300E86148 = {
						CreatedOnToolsVersion = 10.1;
						TestTargetID = 0BBEC4C12223323100E86148;
					};
					0BBEC4E02223323300E86148 = {
						CreatedOnToolsVersion = 10.1;
						TestTargetID = 0BBEC4C12223323100E86148;
					};
				};
			};
			buildConfigurationList = 0BBEC4BD2223323100E86148 /* Build configuration list for PBXProject "Set Game iOS" */;
			compatibilityVersion = "Xcode 9.3";
			developmentRegion = en;
			hasScannedForEncodings = 0;
			knownRegions = (
				en,
				Base,
			);
			mainGroup = 0BBEC4B92223323100E86148;
			productRefGroup = 0BBEC4C32223323100E86148 /* Products */;
			projectDirPath = "";
			projectRoot = "";
			targets = (
				0BBEC4C12223323100E86148 /* Set Game iOS */,
				0BBEC4D52223323300E86148 /* Set Game iOSTests */,
				0BBEC4E02223323300E86148 /* Set Game iOSUITests */,
			);
		};
/* End PBXProject section */

/* Begin PBXResourcesBuildPhase section */
		0BBEC4C02223323100E86148 /* Resources */ = {
			isa = PBXResourcesBuildPhase;
			buildActionMask = 2147483647;
			files = (
				0BBEC4D02223323300E86148 /* LaunchScreen.storyboard in Resources */,
				0BBEC4CD2223323300E86148 /* Assets.xcassets in Resources */,
				0BBEC4CB2223323100E86148 /* Main.storyboard in Resources */,
			);
			runOnlyForDeploymentPostprocessing = 0;
		};
		0BBEC4D42223323300E86148 /* Resources */ = {
			isa = PBXResourcesBuildPhase;
			buildActionMask = 2147483647;
			files = (
			);
			runOnlyForDeploymentPostprocessing = 0;
		};
		0BBEC4DF2223323300E86148 /* Resources */ = {
			isa = PBXResourcesBuildPhase;
			buildActionMask = 2147483647;
			files = (
			);
			runOnlyForDeploymentPostprocessing = 0;
		};
/* End PBXResourcesBuildPhase section */

/* Begin PBXSourcesBuildPhase section */
		0BBEC4BE2223323100E86148 /* Sources */ = {
			isa = PBXSourcesBuildPhase;
			buildActionMask = 2147483647;
			files = (
				0BBEC4C82223323100E86148 /* ViewController.swift in Sources */,
				0BBEC4C62223323100E86148 /* AppDelegate.swift in Sources */,
			);
			runOnlyForDeploymentPostprocessing = 0;
		};
		0BBEC4D22223323300E86148 /* Sources */ = {
			isa = PBXSourcesBuildPhase;
			buildActionMask = 2147483647;
			files = (
				0BBEC4DB2223323300E86148 /* Set_Game_iOSTests.swift in Sources */,
			);
			runOnlyForDeploymentPostprocessing = 0;
		};
		0BBEC4DD2223323300E86148 /* Sources */ = {
			isa = PBXSourcesBuildPhase;
			buildActionMask = 2147483647;
			files = (
				0BBEC4E62223323300E86148 /* Set_Game_iOSUITests.swift in Sources */,
			);
			runOnlyForDeploymentPostprocessing = 0;
		};
/* End PBXSourcesBuildPhase section */

/* Begin PBXTargetDependency section */
		0BBEC4D82223323300E86148 /* PBXTargetDependency */ = {
			isa = PBXTargetDependency;
			target = 0BBEC4C12223323100E86148 /* Set Game iOS */;
			targetProxy = 0BBEC4D72223323300E86148 /* PBXContainerItemProxy */;
		};
		0BBEC4E32223323300E86148 /* PBXTargetDependency */ = {
			isa = PBXTargetDependency;
			target = 0BBEC4C12223323100E86148 /* Set Game iOS */;
			targetProxy = 0BBEC4E22223323300E86148 /* PBXContainerItemProxy */;
		};
/* End PBXTargetDependency section */

/* Begin PBXVariantGroup section */
		0BBEC4C92223323100E86148 /* Main.storyboard */ = {
			isa = PBXVariantGroup;
			children = (
				0BBEC4CA2223323100E86148 /* Base */,
			);
			name = Main.storyboard;
			sourceTree = "<group>";
		};
		0BBEC4CE2223323300E86148 /* LaunchScreen.storyboard */ = {
			isa = PBXVariantGroup;
			children = (
				0BBEC4CF2223323300E86148 /* Base */,
			);
			name = LaunchScreen.storyboard;
			sourceTree = "<group>";
		};
/* End PBXVariantGroup section */

/* Begin XCBuildConfiguration section */
		0BBEC4E82223323300E86148 /* Debug */ = {
			isa = XCBuildConfiguration;
			buildSettings = {
				ALWAYS_SEARCH_USER_PATHS = NO;
				CLANG_ANALYZER_NONNULL = YES;
				CLANG_ANALYZER_NUMBER_OBJECT_CONVERSION = YES_AGGRESSIVE;
				CLANG_CXX_LANGUAGE_STANDARD = "gnu++14";
				CLANG_CXX_LIBRARY = "libc++";
				CLANG_ENABLE_MODULES = YES;
				CLANG_ENABLE_OBJC_ARC = YES;
				CLANG_ENABLE_OBJC_WEAK = YES;
				CLANG_WARN_BLOCK_CAPTURE_AUTORELEASING = YES;
				CLANG_WARN_BOOL_CONVERSION = YES;
				CLANG_WARN_COMMA = YES;
				CLANG_WARN_CONSTANT_CONVERSION = YES;
				CLANG_WARN_DEPRECATED_OBJC_IMPLEMENTATIONS = YES;
				CLANG_WARN_DIRECT_OBJC_ISA_USAGE = YES_ERROR;
				CLANG_WARN_DOCUMENTATION_COMMENTS = YES;
				CLANG_WARN_EMPTY_BODY = YES;
				CLANG_WARN_ENUM_CONVERSION = YES;
				CLANG_WARN_INFINITE_RECURSION = YES;
				CLANG_WARN_INT_CONVERSION = YES;
				CLANG_WARN_NON_LITERAL_NULL_CONVERSION = YES;
				CLANG_WARN_OBJC_IMPLICIT_RETAIN_SELF = YES;
				CLANG_WARN_OBJC_LITERAL_CONVERSION = YES;
				CLANG_WARN_OBJC_ROOT_CLASS = YES_ERROR;
				CLANG_WARN_RANGE_LOOP_ANALYSIS = YES;
				CLANG_WARN_STRICT_PROTOTYPES = YES;
				CLANG_WARN_SUSPICIOUS_MOVE = YES;
				CLANG_WARN_UNGUARDED_AVAILABILITY = YES_AGGRESSIVE;
				CLANG_WARN_UNREACHABLE_CODE = YES;
				CLANG_WARN__DUPLICATE_METHOD_MATCH = YES;
				CODE_SIGN_IDENTITY = "iPhone Developer";
				COPY_PHASE_STRIP = NO;
				DEBUG_INFORMATION_FORMAT = dwarf;
				ENABLE_STRICT_OBJC_MSGSEND = YES;
				ENABLE_TESTABILITY = YES;
				GCC_C_LANGUAGE_STANDARD = gnu11;
				GCC_DYNAMIC_NO_PIC = NO;
				GCC_NO_COMMON_BLOCKS = YES;
				GCC_OPTIMIZATION_LEVEL = 0;
				GCC_PREPROCESSOR_DEFINITIONS = (
					"DEBUG=1",
					"$(inherited)",
				);
				GCC_WARN_64_TO_32_BIT_CONVERSION = YES;
				GCC_WARN_ABOUT_RETURN_TYPE = YES_ERROR;
				GCC_WARN_UNDECLARED_SELECTOR = YES;
				GCC_WARN_UNINITIALIZED_AUTOS = YES_AGGRESSIVE;
				GCC_WARN_UNUSED_FUNCTION = YES;
				GCC_WARN_UNUSED_VARIABLE = YES;
				IPHONEOS_DEPLOYMENT_TARGET = 12.1;
				MTL_ENABLE_DEBUG_INFO = INCLUDE_SOURCE;
				MTL_FAST_MATH = YES;
				ONLY_ACTIVE_ARCH = YES;
				SDKROOT = iphoneos;
				SWIFT_ACTIVE_COMPILATION_CONDITIONS = DEBUG;
				SWIFT_OPTIMIZATION_LEVEL = "-Onone";
			};
			name = Debug;
		};
		0BBEC4E92223323300E86148 /* Release */ = {
			isa = XCBuildConfiguration;
			buildSettings = {
				ALWAYS_SEARCH_USER_PATHS = NO;
				CLANG_ANALYZER_NONNULL = YES;
				CLANG_ANALYZER_NUMBER_OBJECT_CONVERSION = YES_AGGRESSIVE;
				CLANG_CXX_LANGUAGE_STANDARD = "gnu++14";
				CLANG_CXX_LIBRARY = "libc++";
				CLANG_ENABLE_MODULES = YES;
				CLANG_ENABLE_OBJC_ARC = YES;
				CLANG_ENABLE_OBJC_WEAK = YES;
				CLANG_WARN_BLOCK_CAPTURE_AUTORELEASING = YES;
				CLANG_WARN_BOOL_CONVERSION = YES;
				CLANG_WARN_COMMA = YES;
				CLANG_WARN_CONSTANT_CONVERSION = YES;
				CLANG_WARN_DEPRECATED_OBJC_IMPLEMENTATIONS = YES;
				CLANG_WARN_DIRECT_OBJC_ISA_USAGE = YES_ERROR;
				CLANG_WARN_DOCUMENTATION_COMMENTS = YES;
				CLANG_WARN_EMPTY_BODY = YES;
				CLANG_WARN_ENUM_CONVERSION = YES;
				CLANG_WARN_INFINITE_RECURSION = YES;
				CLANG_WARN_INT_CONVERSION = YES;
				CLANG_WARN_NON_LITERAL_NULL_CONVERSION = YES;
				CLANG_WARN_OBJC_IMPLICIT_RETAIN_SELF = YES;
				CLANG_WARN_OBJC_LITERAL_CONVERSION = YES;
				CLANG_WARN_OBJC_ROOT_CLASS = YES_ERROR;
				CLANG_WARN_RANGE_LOOP_ANALYSIS = YES;
				CLANG_WARN_STRICT_PROTOTYPES = YES;
				CLANG_WARN_SUSPICIOUS_MOVE = YES;
				CLANG_WARN_UNGUARDED_AVAILABILITY = YES_AGGRESSIVE;
				CLANG_WARN_UNREACHABLE_CODE = YES;
				CLANG_WARN__DUPLICATE_METHOD_MATCH = YES;
				CODE_SIGN_IDENTITY = "iPhone Developer";
				COPY_PHASE_STRIP = NO;
				DEBUG_INFORMATION_FORMAT = "dwarf-with-dsym";
				ENABLE_NS_ASSERTIONS = NO;
				ENABLE_STRICT_OBJC_MSGSEND = YES;
				GCC_C_LANGUAGE_STANDARD = gnu11;
				GCC_NO_COMMON_BLOCKS = YES;
				GCC_WARN_64_TO_32_BIT_CONVERSION = YES;
				GCC_WARN_ABOUT_RETURN_TYPE = YES_ERROR;
				GCC_WARN_UNDECLARED_SELECTOR = YES;
				GCC_WARN_UNINITIALIZED_AUTOS = YES_AGGRESSIVE;
				GCC_WARN_UNUSED_FUNCTION = YES;
				GCC_WARN_UNUSED_VARIABLE = YES;
				IPHONEOS_DEPLOYMENT_TARGET = 12.1;
				MTL_ENABLE_DEBUG_INFO = NO;
				MTL_FAST_MATH = YES;
				SDKROOT = iphoneos;
				SWIFT_COMPILATION_MODE = wholemodule;
				SWIFT_OPTIMIZATION_LEVEL = "-O";
				VALIDATE_PRODUCT = YES;
			};
			name = Release;
		};
		0BBEC4EB2223323300E86148 /* Debug */ = {
			isa = XCBuildConfiguration;
			buildSettings = {
				ASSETCATALOG_COMPILER_APPICON_NAME = AppIcon;
				CODE_SIGN_STYLE = Automatic;
				DEVELOPMENT_TEAM = 6WA6Y7KBQJ;
				INFOPLIST_FILE = "Set Game iOS/Info.plist";
				LD_RUNPATH_SEARCH_PATHS = (
					"$(inherited)",
					"@executable_path/Frameworks",
				);
				PRODUCT_BUNDLE_IDENTIFIER = "shah-mianhashim.Set-Game-iOS";
				PRODUCT_NAME = "$(TARGET_NAME)";
				SWIFT_VERSION = 4.2;
				TARGETED_DEVICE_FAMILY = "1,2";
			};
			name = Debug;
		};
		0BBEC4EC2223323300E86148 /* Release */ = {
			isa = XCBuildConfiguration;
			buildSettings = {
				ASSETCATALOG_COMPILER_APPICON_NAME = AppIcon;
				CODE_SIGN_STYLE = Automatic;
				DEVELOPMENT_TEAM = 6WA6Y7KBQJ;
				INFOPLIST_FILE = "Set Game iOS/Info.plist";
				LD_RUNPATH_SEARCH_PATHS = (
					"$(inherited)",
					"@executable_path/Frameworks",
				);
				PRODUCT_BUNDLE_IDENTIFIER = "shah-mianhashim.Set-Game-iOS";
				PRODUCT_NAME = "$(TARGET_NAME)";
				SWIFT_VERSION = 4.2;
				TARGETED_DEVICE_FAMILY = "1,2";
			};
			name = Release;
		};
		0BBEC4EE2223323300E86148 /* Debug */ = {
			isa = XCBuildConfiguration;
			buildSettings = {
				ALWAYS_EMBED_SWIFT_STANDARD_LIBRARIES = YES;
				BUNDLE_LOADER = "$(TEST_HOST)";
				CODE_SIGN_STYLE = Automatic;
				DEVELOPMENT_TEAM = 6WA6Y7KBQJ;
				INFOPLIST_FILE = "Set Game iOSTests/Info.plist";
				LD_RUNPATH_SEARCH_PATHS = (
					"$(inherited)",
					"@executable_path/Frameworks",
					"@loader_path/Frameworks",
				);
				PRODUCT_BUNDLE_IDENTIFIER = "shah-mianhashim.Set-Game-iOSTests";
				PRODUCT_NAME = "$(TARGET_NAME)";
				SWIFT_VERSION = 4.2;
				TARGETED_DEVICE_FAMILY = "1,2";
				TEST_HOST = "$(BUILT_PRODUCTS_DIR)/Set Game iOS.app/Set Game iOS";
			};
			name = Debug;
		};
		0BBEC4EF2223323300E86148 /* Release */ = {
			isa = XCBuildConfiguration;
			buildSettings = {
				ALWAYS_EMBED_SWIFT_STANDARD_LIBRARIES = YES;
				BUNDLE_LOADER = "$(TEST_HOST)";
				CODE_SIGN_STYLE = Automatic;
				DEVELOPMENT_TEAM = 6WA6Y7KBQJ;
				INFOPLIST_FILE = "Set Game iOSTests/Info.plist";
				LD_RUNPATH_SEARCH_PATHS = (
					"$(inherited)",
					"@executable_path/Frameworks",
					"@loader_path/Frameworks",
				);
				PRODUCT_BUNDLE_IDENTIFIER = "shah-mianhashim.Set-Game-iOSTests";
				PRODUCT_NAME = "$(TARGET_NAME)";
				SWIFT_VERSION = 4.2;
				TARGETED_DEVICE_FAMILY = "1,2";
				TEST_HOST = "$(BUILT_PRODUCTS_DIR)/Set Game iOS.app/Set Game iOS";
			};
			name = Release;
		};
		0BBEC4F12223323300E86148 /* Debug */ = {
			isa = XCBuildConfiguration;
			buildSettings = {
				ALWAYS_EMBED_SWIFT_STANDARD_LIBRARIES = YES;
				CODE_SIGN_STYLE = Automatic;
				DEVELOPMENT_TEAM = 6WA6Y7KBQJ;
				INFOPLIST_FILE = "Set Game iOSUITests/Info.plist";
				LD_RUNPATH_SEARCH_PATHS = (
					"$(inherited)",
					"@executable_path/Frameworks",
					"@loader_path/Frameworks",
				);
				PRODUCT_BUNDLE_IDENTIFIER = "shah-mianhashim.Set-Game-iOSUITests";
				PRODUCT_NAME = "$(TARGET_NAME)";
				SWIFT_VERSION = 4.2;
				TARGETED_DEVICE_FAMILY = "1,2";
				TEST_TARGET_NAME = "Set Game iOS";
			};
			name = Debug;
		};
		0BBEC4F22223323300E86148 /* Release */ = {
			isa = XCBuildConfiguration;
			buildSettings = {
				ALWAYS_EMBED_SWIFT_STANDARD_LIBRARIES = YES;
				CODE_SIGN_STYLE = Automatic;
				DEVELOPMENT_TEAM = 6WA6Y7KBQJ;
				INFOPLIST_FILE = "Set Game iOSUITests/Info.plist";
				LD_RUNPATH_SEARCH_PATHS = (
					"$(inherited)",
					"@executable_path/Frameworks",
					"@loader_path/Frameworks",
				);
				PRODUCT_BUNDLE_IDENTIFIER = "shah-mianhashim.Set-Game-iOSUITests";
				PRODUCT_NAME = "$(TARGET_NAME)";
				SWIFT_VERSION = 4.2;
				TARGETED_DEVICE_FAMILY = "1,2";
				TEST_TARGET_NAME = "Set Game iOS";
			};
			name = Release;
		};
/* End XCBuildConfiguration section */

/* Begin XCConfigurationList section */
		0BBEC4BD2223323100E86148 /* Build configuration list for PBXProject "Set Game iOS" */ = {
			isa = XCConfigurationList;
			buildConfigurations = (
				0BBEC4E82223323300E86148 /* Debug */,
				0BBEC4E92223323300E86148 /* Release */,
			);
			defaultConfigurationIsVisible = 0;
			defaultConfigurationName = Release;
		};
		0BBEC4EA2223323300E86148 /* Build configuration list for PBXNativeTarget "Set Game iOS" */ = {
			isa = XCConfigurationList;
			buildConfigurations = (
				0BBEC4EB2223323300E86148 /* Debug */,
				0BBEC4EC2223323300E86148 /* Release */,
			);
			defaultConfigurationIsVisible = 0;
			defaultConfigurationName = Release;
		};
		0BBEC4ED2223323300E86148 /* Build configuration list for PBXNativeTarget "Set Game iOSTests" */ = {
			isa = XCConfigurationList;
			buildConfigurations = (
				0BBEC4EE2223323300E86148 /* Debug */,
				0BBEC4EF2223323300E86148 /* Release */,
			);
			defaultConfigurationIsVisible = 0;
			defaultConfigurationName = Release;
		};
		0BBEC4F02223323300E86148 /* Build configuration list for PBXNativeTarget "Set Game iOSUITests" */ = {
			isa = XCConfigurationList;
			buildConfigurations = (
				0BBEC4F12223323300E86148 /* Debug */,
				0BBEC4F22223323300E86148 /* Release */,
			);
			defaultConfigurationIsVisible = 0;
			defaultConfigurationName = Release;
		};
/* End XCConfigurationList section */
	};
	rootObject = 0BBEC4BA2223323100E86148 /* Project object */;
}
